{
    "_meta": {
        "hash": {
            "sha256": "4db717439f0504143b1ee30d08f6856e5488121222da0620f57f55c9f8203c2b"
        },
        "pipfile-spec": 6,
        "requires": {
            "python_version": "3.9"
        },
        "sources": [
            {
                "name": "pypi",
                "url": "https://pypi.org/simple",
                "verify_ssl": true
            }
        ]
    },
    "default": {
        "pysimplegui": {
            "hashes": [
                "sha256:22efb6927edfb11dcfa6e0888480712401a63b4dd2aecc4bdd6bd3c95f0cc6b0",
                "sha256:7152c7b45924b7ac8c461df8b3bfd7e163c731565b3220f20781452f45b39263"
            ],
            "index": "pypi",
            "version": "==4.45.0"
        }
    },
    "develop": {}
}
